PODS:
  - FMDB (2.6.2):
    - FMDB/standard (= 2.6.2)
  - FMDB/standard (2.6.2)
  - SunbeamFMDBMigration (0.1.2):
    - FMDB

DEPENDENCIES:
  - SunbeamFMDBMigration (from `../`)

EXTERNAL SOURCES:
  SunbeamFMDBMigration:
    :path: ../

SPEC CHECKSUMS:
  FMDB: 854a0341b4726e53276f2a8996f06f1b80f9259a
  SunbeamFMDBMigration: c1c0ec96398c0c776097ce844939454471bd15f5

PODFILE CHECKSUM: 302e32d106931ec9b5dd410a803fbfe8294d1416

COCOAPODS: 1.0.1
